
Microsoft Visual Studio Solution File, Format Version 12.00
# Visual Studio Version 17
VisualStudioVersion = 17.1.32228.430
MinimumVisualStudioVersion = 10.0.40219.1
Project("{9A19103F-16F7-4668-BE54-9A1E7A4F7556}") = "HUDMerger", "HUDMerger\HUDMerger.csproj", "{A559117E-9AFE-4845-B619-E82E594987A8}"
EndProject
Project("{9A19103F-16F7-4668-BE54-9A1E7A4F7556}") = "HUDMergerTests", "HUDMergerTests\HUDMergerTests.csproj", "{636E43CE-24FD-4F54-860B-8E442ACC0318}"
EndProject
Project("{9A19103F-16F7-4668-BE54-9A1E7A4F7556}") = "VDF", "VDF\VDF.csproj", "{1C8FB3B7-478B-40AF-87B4-EBBD422E49F6}"
EndProject
Project("{9A19103F-16F7-4668-BE54-9A1E7A4F7556}") = "HUDAnimations", "HUDAnimations\HUDAnimations.csproj", "{6050DF67-1BD9-47C3-AEA0-F40127B4ABEF}"
EndProject
Global
	GlobalSection(SolutionConfigurationPlatforms) = preSolution
		Debug|Any CPU = Debug|Any CPU
		Debug|x64 = Debug|x64
		Debug|x86 = Debug|x86
		Release|Any CPU = Release|Any CPU
		Release|x64 = Release|x64
		Release|x86 = Release|x86
	EndGlobalSection
	GlobalSection(ProjectConfigurationPlatforms) = postSolution
		{A559117E-9AFE-4845-B619-E82E594987A8}.Debug|Any CPU.ActiveCfg = Debug|Any CPU
		{A559117E-9AFE-4845-B619-E82E594987A8}.Debug|Any CPU.Build.0 = Debug|Any CPU
		{A559117E-9AFE-4845-B619-E82E594987A8}.Debug|x64.ActiveCfg = Debug|Any CPU
		{A559117E-9AFE-4845-B619-E82E594987A8}.Debug|x64.Build.0 = Debug|Any CPU
		{A559117E-9AFE-4845-B619-E82E594987A8}.Debug|x86.ActiveCfg = Debug|Any CPU
		{A559117E-9AFE-4845-B619-E82E594987A8}.Debug|x86.Build.0 = Debug|Any CPU
		{A559117E-9AFE-4845-B619-E82E594987A8}.Release|Any CPU.ActiveCfg = Release|Any CPU
		{A559117E-9AFE-4845-B619-E82E594987A8}.Release|Any CPU.Build.0 = Release|Any CPU
		{A559117E-9AFE-4845-B619-E82E594987A8}.Release|x64.ActiveCfg = Release|Any CPU
		{A559117E-9AFE-4845-B619-E82E594987A8}.Release|x64.Build.0 = Release|Any CPU
		{A559117E-9AFE-4845-B619-E82E594987A8}.Release|x86.ActiveCfg = Release|Any CPU
		{A559117E-9AFE-4845-B619-E82E594987A8}.Release|x86.Build.0 = Release|Any CPU
		{636E43CE-24FD-4F54-860B-8E442ACC0318}.Debug|Any CPU.ActiveCfg = Debug|Any CPU
		{636E43CE-24FD-4F54-860B-8E442ACC0318}.Debug|Any CPU.Build.0 = Debug|Any CPU
		{636E43CE-24FD-4F54-860B-8E442ACC0318}.Debug|x64.ActiveCfg = Debug|Any CPU
		{636E43CE-24FD-4F54-860B-8E442ACC0318}.Debug|x64.Build.0 = Debug|Any CPU
		{636E43CE-24FD-4F54-860B-8E442ACC0318}.Debug|x86.ActiveCfg = Debug|Any CPU
		{636E43CE-24FD-4F54-860B-8E442ACC0318}.Debug|x86.Build.0 = Debug|Any CPU
		{636E43CE-24FD-4F54-860B-8E442ACC0318}.Release|Any CPU.ActiveCfg = Release|Any CPU
		{636E43CE-24FD-4F54-860B-8E442ACC0318}.Release|Any CPU.Build.0 = Release|Any CPU
		{636E43CE-24FD-4F54-860B-8E442ACC0318}.Release|x64.ActiveCfg = Release|Any CPU
		{636E43CE-24FD-4F54-860B-8E442ACC0318}.Release|x64.Build.0 = Release|Any CPU
		{636E43CE-24FD-4F54-860B-8E442ACC0318}.Release|x86.ActiveCfg = Release|Any CPU
		{636E43CE-24FD-4F54-860B-8E442ACC0318}.Release|x86.Build.0 = Release|Any CPU
		{1C8FB3B7-478B-40AF-87B4-EBBD422E49F6}.Debug|Any CPU.ActiveCfg = Debug|Any CPU
		{1C8FB3B7-478B-40AF-87B4-EBBD422E49F6}.Debug|Any CPU.Build.0 = Debug|Any CPU
		{1C8FB3B7-478B-40AF-87B4-EBBD422E49F6}.Debug|x64.ActiveCfg = Debug|Any CPU
		{1C8FB3B7-478B-40AF-87B4-EBBD422E49F6}.Debug|x64.Build.0 = Debug|Any CPU
		{1C8FB3B7-478B-40AF-87B4-EBBD422E49F6}.Debug|x86.ActiveCfg = Debug|Any CPU
		{1C8FB3B7-478B-40AF-87B4-EBBD422E49F6}.Debug|x86.Build.0 = Debug|Any CPU
		{1C8FB3B7-478B-40AF-87B4-EBBD422E49F6}.Release|Any CPU.ActiveCfg = Release|Any CPU
		{1C8FB3B7-478B-40AF-87B4-EBBD422E49F6}.Release|Any CPU.Build.0 = Release|Any CPU
		{1C8FB3B7-478B-40AF-87B4-EBBD422E49F6}.Release|x64.ActiveCfg = Release|Any CPU
		{1C8FB3B7-478B-40AF-87B4-EBBD422E49F6}.Release|x64.Build.0 = Release|Any CPU
		{1C8FB3B7-478B-40AF-87B4-EBBD422E49F6}.Release|x86.ActiveCfg = Release|Any CPU
		{1C8FB3B7-478B-40AF-87B4-EBBD422E49F6}.Release|x86.Build.0 = Release|Any CPU
		{6050DF67-1BD9-47C3-AEA0-F40127B4ABEF}.Debug|Any CPU.ActiveCfg = Debug|Any CPU
		{6050DF67-1BD9-47C3-AEA0-F40127B4ABEF}.Debug|Any CPU.Build.0 = Debug|Any CPU
		{6050DF67-1BD9-47C3-AEA0-F40127B4ABEF}.Debug|x64.ActiveCfg = Debug|Any CPU
		{6050DF67-1BD9-47C3-AEA0-F40127B4ABEF}.Debug|x64.Build.0 = Debug|Any CPU
		{6050DF67-1BD9-47C3-AEA0-F40127B4ABEF}.Debug|x86.ActiveCfg = Debug|Any CPU
		{6050DF67-1BD9-47C3-AEA0-F40127B4ABEF}.Debug|x86.Build.0 = Debug|Any CPU
		{6050DF67-1BD9-47C3-AEA0-F40127B4ABEF}.Release|Any CPU.ActiveCfg = Release|Any CPU
		{6050DF67-1BD9-47C3-AEA0-F40127B4ABEF}.Release|Any CPU.Build.0 = Release|Any CPU
		{6050DF67-1BD9-47C3-AEA0-F40127B4ABEF}.Release|x64.ActiveCfg = Release|Any CPU
		{6050DF67-1BD9-47C3-AEA0-F40127B4ABEF}.Release|x64.Build.0 = Release|Any CPU
		{6050DF67-1BD9-47C3-AEA0-F40127B4ABEF}.Release|x86.ActiveCfg = Release|Any CPU
		{6050DF67-1BD9-47C3-AEA0-F40127B4ABEF}.Release|x86.Build.0 = Release|Any CPU
	EndGlobalSection
	GlobalSection(SolutionProperties) = preSolution
		HideSolutionNode = FALSE
	EndGlobalSection
	GlobalSection(ExtensibilityGlobals) = postSolution
		SolutionGuid = {C96FBE9E-DC06-44EF-9FE3-35AF66130BDA}
	EndGlobalSection
EndGlobal
